
Microsoft Visual Studio Solution File, Format Version 12.00
# Visual Studio Version 16
VisualStudioVersion = 16.0.28803.352
MinimumVisualStudioVersion = 10.0.40219.1
Project("{9A19103F-16F7-4668-BE54-9A1E7A4F7556}") = "EHS.Server.WebApi", "EHS.Server.WebApi\EHS.Server.WebApi.csproj", "{49D01B95-47C9-42A5-BB89-5B731CB4DBF3}"
EndProject
Project("{9A19103F-16F7-4668-BE54-9A1E7A4F7556}") = "EHS.Server.Common", "EHS.Server.Common\EHS.Server.Common.csproj", "{64696224-24D1-4D7E-8A5A-21A1CE80AA00}"
EndProject
Project("{9A19103F-16F7-4668-BE54-9A1E7A4F7556}") = "EHS.Server.Contracts", "EHS.Server.Contracts\EHS.Server.Contracts.csproj", "{7C2FE901-2009-4C4D-9E74-7171C775CF73}"
EndProject
Project("{9A19103F-16F7-4668-BE54-9A1E7A4F7556}") = "EHS.Server.DataAccess", "EHS.Server.DataAccess\EHS.Server.DataAccess.csproj", "{55CB74BF-46D4-41B3-B545-CD7700BFDB77}"
EndProject
Project("{9A19103F-16F7-4668-BE54-9A1E7A4F7556}") = "EHS.Server.Common.Tests", "EHS.Server.Common.Tests\EHS.Server.Common.Tests.csproj", "{9444B985-95C5-4508-A127-78E5BE8B73A0}"
EndProject
Project("{00D1A9C2-B5F0-4AF3-8072-F6C62B433612}") = "EHS.Server.DB", "EHS.Server.DB\EHS.Server.DB.sqlproj", "{E9DBB277-F928-4560-98A8-53E0135769CD}"
EndProject
Project("{FAE04EC0-301F-11D3-BF4B-00C04F79EFBC}") = "EHS.Server.Worker", "EHS.Server.Worker\EHS.Server.Worker.csproj", "{46859A7C-19F6-4F37-AC13-99D093E20971}"
EndProject
Global
	GlobalSection(SolutionConfigurationPlatforms) = preSolution
		Debug|Any CPU = Debug|Any CPU
		Release|Any CPU = Release|Any CPU
	EndGlobalSection
	GlobalSection(ProjectConfigurationPlatforms) = postSolution
		{49D01B95-47C9-42A5-BB89-5B731CB4DBF3}.Debug|Any CPU.ActiveCfg = Debug|Any CPU
		{49D01B95-47C9-42A5-BB89-5B731CB4DBF3}.Debug|Any CPU.Build.0 = Debug|Any CPU
		{49D01B95-47C9-42A5-BB89-5B731CB4DBF3}.Release|Any CPU.ActiveCfg = Release|Any CPU
		{49D01B95-47C9-42A5-BB89-5B731CB4DBF3}.Release|Any CPU.Build.0 = Release|Any CPU
		{64696224-24D1-4D7E-8A5A-21A1CE80AA00}.Debug|Any CPU.ActiveCfg = Debug|Any CPU
		{64696224-24D1-4D7E-8A5A-21A1CE80AA00}.Debug|Any CPU.Build.0 = Debug|Any CPU
		{64696224-24D1-4D7E-8A5A-21A1CE80AA00}.Release|Any CPU.ActiveCfg = Release|Any CPU
		{64696224-24D1-4D7E-8A5A-21A1CE80AA00}.Release|Any CPU.Build.0 = Release|Any CPU
		{7C2FE901-2009-4C4D-9E74-7171C775CF73}.Debug|Any CPU.ActiveCfg = Debug|Any CPU
		{7C2FE901-2009-4C4D-9E74-7171C775CF73}.Debug|Any CPU.Build.0 = Debug|Any CPU
		{7C2FE901-2009-4C4D-9E74-7171C775CF73}.Release|Any CPU.ActiveCfg = Release|Any CPU
		{7C2FE901-2009-4C4D-9E74-7171C775CF73}.Release|Any CPU.Build.0 = Release|Any CPU
		{55CB74BF-46D4-41B3-B545-CD7700BFDB77}.Debug|Any CPU.ActiveCfg = Debug|Any CPU
		{55CB74BF-46D4-41B3-B545-CD7700BFDB77}.Debug|Any CPU.Build.0 = Debug|Any CPU
		{55CB74BF-46D4-41B3-B545-CD7700BFDB77}.Release|Any CPU.ActiveCfg = Release|Any CPU
		{55CB74BF-46D4-41B3-B545-CD7700BFDB77}.Release|Any CPU.Build.0 = Release|Any CPU
		{9444B985-95C5-4508-A127-78E5BE8B73A0}.Debug|Any CPU.ActiveCfg = Debug|Any CPU
		{9444B985-95C5-4508-A127-78E5BE8B73A0}.Debug|Any CPU.Build.0 = Debug|Any CPU
		{9444B985-95C5-4508-A127-78E5BE8B73A0}.Release|Any CPU.ActiveCfg = Release|Any CPU
		{9444B985-95C5-4508-A127-78E5BE8B73A0}.Release|Any CPU.Build.0 = Release|Any CPU
		{E9DBB277-F928-4560-98A8-53E0135769CD}.Debug|Any CPU.ActiveCfg = Debug|Any CPU
		{E9DBB277-F928-4560-98A8-53E0135769CD}.Debug|Any CPU.Build.0 = Debug|Any CPU
		{E9DBB277-F928-4560-98A8-53E0135769CD}.Debug|Any CPU.Deploy.0 = Debug|Any CPU
		{E9DBB277-F928-4560-98A8-53E0135769CD}.Release|Any CPU.ActiveCfg = Release|Any CPU
		{E9DBB277-F928-4560-98A8-53E0135769CD}.Release|Any CPU.Build.0 = Release|Any CPU
		{E9DBB277-F928-4560-98A8-53E0135769CD}.Release|Any CPU.Deploy.0 = Release|Any CPU
		{46859A7C-19F6-4F37-AC13-99D093E20971}.Debug|Any CPU.ActiveCfg = Debug|Any CPU
		{46859A7C-19F6-4F37-AC13-99D093E20971}.Debug|Any CPU.Build.0 = Debug|Any CPU
		{46859A7C-19F6-4F37-AC13-99D093E20971}.Release|Any CPU.ActiveCfg = Release|Any CPU
		{46859A7C-19F6-4F37-AC13-99D093E20971}.Release|Any CPU.Build.0 = Release|Any CPU
	EndGlobalSection
	GlobalSection(SolutionProperties) = preSolution
		HideSolutionNode = FALSE
	EndGlobalSection
	GlobalSection(ExtensibilityGlobals) = postSolution
		SolutionGuid = {F1CEDA00-9325-40C7-99D8-F13913AE07BA}
	EndGlobalSection
EndGlobal
